// !$*UTF8*$!
{
	archiveVersion = 1;
	classes = {
	};
	objectVersion = 70;
	objects = {

/* Begin PBXBuildFile section */
		49022C122A6FCADA00E61F31 /* RideDetailView.swift in Sources */ = {isa = PBXBuildFile; fileRef = 49022C112A6FCADA00E61F31 /* RideDetailView.swift */; };
		4905ACAE2CB3904300DBE2F9 /* HeartRateZoneManager.swift in Sources */ = {isa = PBXBuildFile; fileRef = 4905ACAD2CB3904300DBE2F9 /* HeartRateZoneManager.swift */; };
		490725FD2A69042A0009817F /* RideTrackrApp.swift in Sources */ = {isa = PBXBuildFile; fileRef = 490725FC2A69042A0009817F /* RideTrackrApp.swift */; };
		490725FF2A69042A0009817F /* ContentView.swift in Sources */ = {isa = PBXBuildFile; fileRef = 490725FE2A69042A0009817F /* ContentView.swift */; };
		490726012A69042D0009817F /* Assets.xcassets in Resources */ = {isa = PBXBuildFile; fileRef = 490726002A69042D0009817F /* Assets.xcassets */; };
		490726042A69042D0009817F /* Preview Assets.xcassets in Resources */ = {isa = PBXBuildFile; fileRef = 490726032A69042D0009817F /* Preview Assets.xcassets */; };
		4907260E2A69042D0009817F /* RideTrackrTests.swift in Sources */ = {isa = PBXBuildFile; fileRef = 4907260D2A69042D0009817F /* RideTrackrTests.swift */; };
		490726182A69042D0009817F /* RideTrackrUITests.swift in Sources */ = {isa = PBXBuildFile; fileRef = 490726172A69042D0009817F /* RideTrackrUITests.swift */; };
		4907261A2A69042D0009817F /* RideTrackrUITestsLaunchTests.swift in Sources */ = {isa = PBXBuildFile; fileRef = 490726192A69042D0009817F /* RideTrackrUITestsLaunchTests.swift */; };
		490726292A69045F0009817F /* RideTrackrTabView.swift in Sources */ = {isa = PBXBuildFile; fileRef = 490726282A69045F0009817F /* RideTrackrTabView.swift */; };
		4907262B2A6904710009817F /* HomeView.swift in Sources */ = {isa = PBXBuildFile; fileRef = 4907262A2A6904710009817F /* HomeView.swift */; };
		4907262D2A6904800009817F /* SettingsView.swift in Sources */ = {isa = PBXBuildFile; fileRef = 4907262C2A6904800009817F /* SettingsView.swift */; };
		490726302A6907B40009817F /* TrendCardView.swift in Sources */ = {isa = PBXBuildFile; fileRef = 4907262F2A6907B40009817F /* TrendCardView.swift */; };
		490726322A690E000009817F /* LargeRidePreview.swift in Sources */ = {isa = PBXBuildFile; fileRef = 490726312A690E000009817F /* LargeRidePreview.swift */; };
		490726342A6912660009817F /* Ride.swift in Sources */ = {isa = PBXBuildFile; fileRef = 490726332A6912660009817F /* Ride.swift */; };
		490741DE2C37D04200C07C24 /* EffortScoreView.swift in Sources */ = {isa = PBXBuildFile; fileRef = 490741DD2C37D04200C07C24 /* EffortScoreView.swift */; };
		490741E02C37EBF000C07C24 /* LargeMapPreviewView.swift in Sources */ = {isa = PBXBuildFile; fileRef = 490741DF2C37EBF000C07C24 /* LargeMapPreviewView.swift */; };
		490741E42C38239A00C07C24 /* PolyKit in Frameworks */ = {isa = PBXBuildFile; productRef = 490741E32C38239A00C07C24 /* PolyKit */; };
		49188F4D2AFB680A000C1E68 /* MapSnapShotView.swift in Sources */ = {isa = PBXBuildFile; fileRef = 49188F4C2AFB680A000C1E68 /* MapSnapShotView.swift */; };
		49188F4F2AFB6AEE000C1E68 /* TemperatureView.swift in Sources */ = {isa = PBXBuildFile; fileRef = 49188F4E2AFB6AEE000C1E68 /* TemperatureView.swift */; };
		491E175A2CC4D0C1007627AB /* OnBoardingView.swift in Sources */ = {isa = PBXBuildFile; fileRef = 491E17592CC4D0C1007627AB /* OnBoardingView.swift */; };
		492124952AE9027500889575 /* Extensions.swift in Sources */ = {isa = PBXBuildFile; fileRef = 492124942AE9027500889575 /* Extensions.swift */; };
		4921249C2AE9E73800889575 /* SettingsManager.swift in Sources */ = {isa = PBXBuildFile; fileRef = 4921249B2AE9E73800889575 /* SettingsManager.swift */; };
		4925C2092A74FE9D00761FDA /* RideRowView.swift in Sources */ = {isa = PBXBuildFile; fileRef = 4925C2082A74FE9D00761FDA /* RideRowView.swift */; };
		4925C20B2A75128900761FDA /* RideListView.swift in Sources */ = {isa = PBXBuildFile; fileRef = 4925C20A2A75128900761FDA /* RideListView.swift */; };
		4925C20F2A75130000761FDA /* NavigationManager.swift in Sources */ = {isa = PBXBuildFile; fileRef = 4925C20E2A75130000761FDA /* NavigationManager.swift */; };
		49313AEB2C1AB27C00AA5789 /* HKManager.swift in Sources */ = {isa = PBXBuildFile; fileRef = 49313AEA2C1AB27C00AA5789 /* HKManager.swift */; };
		4931A6B32CACED330016E2C7 /* MapOverlayPicker.swift in Sources */ = {isa = PBXBuildFile; fileRef = 4931A6B22CACED330016E2C7 /* MapOverlayPicker.swift */; };
		494B24412ABFD49800B05739 /* RideShareView.swift in Sources */ = {isa = PBXBuildFile; fileRef = 494B24402ABFD49800B05739 /* RideShareView.swift */; };
		494DAA862C255D78001E0D4B /* FMDB in Frameworks */ = {isa = PBXBuildFile; productRef = 494DAA852C255D78001E0D4B /* FMDB */; };
		494DAA8A2C256F8D001E0D4B /* mainSchema.sql in Resources */ = {isa = PBXBuildFile; fileRef = 494DAA892C256F86001E0D4B /* mainSchema.sql */; };
		494DAA8C2C25768D001E0D4B /* StatSample.swift in Sources */ = {isa = PBXBuildFile; fileRef = 494DAA8B2C25768D001E0D4B /* StatSample.swift */; };
		495CD9032CBF727A007FF8F7 /* AppDelegate.swift in Sources */ = {isa = PBXBuildFile; fileRef = 495CD9022CBF7270007FF8F7 /* AppDelegate.swift */; };
		496074282C3A62C6006E9E80 /* ShimmerEffect.swift in Sources */ = {isa = PBXBuildFile; fileRef = 496074272C3A62BE006E9E80 /* ShimmerEffect.swift */; };
		498657B62C339A8F00EEF59F /* LaunchScreen.storyboard in Resources */ = {isa = PBXBuildFile; fileRef = 498657B52C339A8F00EEF59F /* LaunchScreen.storyboard */; };
		498657BA2C33BFFA00EEF59F /* TrendPreviewView.swift in Sources */ = {isa = PBXBuildFile; fileRef = 498657B92C33BFFA00EEF59F /* TrendPreviewView.swift */; };
		498657BC2C33F80A00EEF59F /* DateIntervalPickerView.swift in Sources */ = {isa = PBXBuildFile; fileRef = 498657BB2C33F80A00EEF59F /* DateIntervalPickerView.swift */; };
		498657BE2C352A5700EEF59F /* DateFilterButton.swift in Sources */ = {isa = PBXBuildFile; fileRef = 498657BD2C352A5700EEF59F /* DateFilterButton.swift */; };
		498657C02C3535E200EEF59F /* FilterSheetView.swift in Sources */ = {isa = PBXBuildFile; fileRef = 498657BF2C3535E200EEF59F /* FilterSheetView.swift */; };
		49932F5C2AF1FD3700A45D14 /* RecentRidesCardList.swift in Sources */ = {isa = PBXBuildFile; fileRef = 49932F5B2AF1FD3700A45D14 /* RecentRidesCardList.swift */; };
		49A1D4EE2CBA4687007D37BA /* WidgetKit.framework in Frameworks */ = {isa = PBXBuildFile; fileRef = 49A1D4ED2CBA4687007D37BA /* WidgetKit.framework */; };
		49A1D4F02CBA4687007D37BA /* SwiftUI.framework in Frameworks */ = {isa = PBXBuildFile; fileRef = 49A1D4EF2CBA4687007D37BA /* SwiftUI.framework */; };
		49A1D4FB2CBA4689007D37BA /* RideTrackrWidgetExtension.appex in Embed Foundation Extensions */ = {isa = PBXBuildFile; fileRef = 49A1D4EC2CBA4687007D37BA /* RideTrackrWidgetExtension.appex */; settings = {ATTRIBUTES = (RemoveHeadersOnCopy, ); }; };
		49A1D5022CBA4A4F007D37BA /* StatSample.swift in Sources */ = {isa = PBXBuildFile; fileRef = 494DAA8B2C25768D001E0D4B /* StatSample.swift */; };
		49A1D5032CBA4A59007D37BA /* Ride.swift in Sources */ = {isa = PBXBuildFile; fileRef = 490726332A6912660009817F /* Ride.swift */; };
		49A1D5042CBA4A63007D37BA /* DataManager.swift in Sources */ = {isa = PBXBuildFile; fileRef = 49E63A0A2B05DEF1005451D1 /* DataManager.swift */; };
		49A1D5062CBA4B20007D37BA /* PolyKit in Frameworks */ = {isa = PBXBuildFile; productRef = 49A1D5052CBA4B20007D37BA /* PolyKit */; };
		49A1D5082CBA4B36007D37BA /* FMDB in Frameworks */ = {isa = PBXBuildFile; productRef = 49A1D5072CBA4B36007D37BA /* FMDB */; };
		49A1D5092CBA4B71007D37BA /* HKManager.swift in Sources */ = {isa = PBXBuildFile; fileRef = 49313AEA2C1AB27C00AA5789 /* HKManager.swift */; };
		49A1D50A2CBA4B71007D37BA /* SettingsManager.swift in Sources */ = {isa = PBXBuildFile; fileRef = 4921249B2AE9E73800889575 /* SettingsManager.swift */; };
		49A1D50B2CBA4B71007D37BA /* HeartRateZoneManager.swift in Sources */ = {isa = PBXBuildFile; fileRef = 4905ACAD2CB3904300DBE2F9 /* HeartRateZoneManager.swift */; };
		49A1D50D2CBA4B71007D37BA /* TrendManager.swift in Sources */ = {isa = PBXBuildFile; fileRef = 49E71F452AC1515A00900477 /* TrendManager.swift */; };
		49A1D50E2CBA4B71007D37BA /* NotificationManager.swift in Sources */ = {isa = PBXBuildFile; fileRef = 49E63A0C2B0610CB005451D1 /* NotificationManager.swift */; };
		49A1D50F2CBA4B80007D37BA /* PersistentLocation.swift in Sources */ = {isa = PBXBuildFile; fileRef = 49FDA2C82C311A7E008D61F8 /* PersistentLocation.swift */; };
		49A1D5102CBA4B80007D37BA /* TrendType.swift in Sources */ = {isa = PBXBuildFile; fileRef = 49E71F432AC1509E00900477 /* TrendType.swift */; };
		49A1D5112CBA4CC5007D37BA /* Assets.xcassets in Resources */ = {isa = PBXBuildFile; fileRef = 490726002A69042D0009817F /* Assets.xcassets */; };
		49A1D5122CBA4CE9007D37BA /* Extensions.swift in Sources */ = {isa = PBXBuildFile; fileRef = 492124942AE9027500889575 /* Extensions.swift */; };
		49A1D5132CBA4D3F007D37BA /* TrendView.swift in Sources */ = {isa = PBXBuildFile; fileRef = 49E71F412AC146C200900477 /* TrendView.swift */; };
		49A1D5152CBA4D83007D37BA /* StatDifferenceArrow.swift in Sources */ = {isa = PBXBuildFile; fileRef = 49A1D5142CBA4D83007D37BA /* StatDifferenceArrow.swift */; };
		49A1D5162CBA4DB4007D37BA /* StatDifferenceArrow.swift in Sources */ = {isa = PBXBuildFile; fileRef = 49A1D5142CBA4D83007D37BA /* StatDifferenceArrow.swift */; };
		49A1D5222CBA7334007D37BA /* LabelStyles.swift in Sources */ = {isa = PBXBuildFile; fileRef = 49A1D5212CBA732A007D37BA /* LabelStyles.swift */; };
		49A1D5232CBA7334007D37BA /* LabelStyles.swift in Sources */ = {isa = PBXBuildFile; fileRef = 49A1D5212CBA732A007D37BA /* LabelStyles.swift */; };
		49E63A0B2B05DEF1005451D1 /* DataManager.swift in Sources */ = {isa = PBXBuildFile; fileRef = 49E63A0A2B05DEF1005451D1 /* DataManager.swift */; };
		49E63A0D2B0610CB005451D1 /* NotificationManager.swift in Sources */ = {isa = PBXBuildFile; fileRef = 49E63A0C2B0610CB005451D1 /* NotificationManager.swift */; };
		49E71F402AC1374200900477 /* TrendsTabView.swift in Sources */ = {isa = PBXBuildFile; fileRef = 49E71F3F2AC1374200900477 /* TrendsTabView.swift */; };
		49E71F422AC146C200900477 /* TrendView.swift in Sources */ = {isa = PBXBuildFile; fileRef = 49E71F412AC146C200900477 /* TrendView.swift */; };
		49E71F442AC1509E00900477 /* TrendType.swift in Sources */ = {isa = PBXBuildFile; fileRef = 49E71F432AC1509E00900477 /* TrendType.swift */; };
		49E71F462AC1515A00900477 /* TrendManager.swift in Sources */ = {isa = PBXBuildFile; fileRef = 49E71F452AC1515A00900477 /* TrendManager.swift */; };
		49F105B32CC8F61A0083368B /* Goal.swift in Sources */ = {isa = PBXBuildFile; fileRef = 49F105B22CC8F61A0083368B /* Goal.swift */; };
		49F105B42CC8F61A0083368B /* Goal.swift in Sources */ = {isa = PBXBuildFile; fileRef = 49F105B22CC8F61A0083368B /* Goal.swift */; };
		49F105B62CC8F8620083368B /* GoalManager.swift in Sources */ = {isa = PBXBuildFile; fileRef = 49F105B52CC8F8620083368B /* GoalManager.swift */; };
		49F105B72CC8F8620083368B /* GoalManager.swift in Sources */ = {isa = PBXBuildFile; fileRef = 49F105B52CC8F8620083368B /* GoalManager.swift */; };
		49F105B92CC8FB0A0083368B /* TimeFrame.swift in Sources */ = {isa = PBXBuildFile; fileRef = 49F105B82CC8FB0A0083368B /* TimeFrame.swift */; };
		49F105BA2CC8FCD70083368B /* TimeFrame.swift in Sources */ = {isa = PBXBuildFile; fileRef = 49F105B82CC8FB0A0083368B /* TimeFrame.swift */; };
		49F26F932CB4F73600BDA227 /* HeartRateZoneView.swift in Sources */ = {isa = PBXBuildFile; fileRef = 49F26F922CB4F73600BDA227 /* HeartRateZoneView.swift */; };
		49F26FB12CB6566600BDA227 /* RideMapView.swift in Sources */ = {isa = PBXBuildFile; fileRef = 49F26FB02CB6566600BDA227 /* RideMapView.swift */; };
		49F26FBE2CB7564500BDA227 /* CollapseView.swift in Sources */ = {isa = PBXBuildFile; fileRef = 49F26FBD2CB7564500BDA227 /* CollapseView.swift */; };
		49F26FC02CB75BDA00BDA227 /* RideGraphsView.swift in Sources */ = {isa = PBXBuildFile; fileRef = 49F26FBF2CB75BDA00BDA227 /* RideGraphsView.swift */; };
		49FDA2C92C311A7E008D61F8 /* PersistentLocation.swift in Sources */ = {isa = PBXBuildFile; fileRef = 49FDA2C82C311A7E008D61F8 /* PersistentLocation.swift */; };
/* End PBXBuildFile section */

/* Begin PBXContainerItemProxy section */
		4907260A2A69042D0009817F /* PBXContainerItemProxy */ = {
			isa = PBXContainerItemProxy;
			containerPortal = 490725F12A69042A0009817F /* Project object */;
			proxyType = 1;
			remoteGlobalIDString = 490725F82A69042A0009817F;
			remoteInfo = RideTrackr;
		};
		490726142A69042D0009817F /* PBXContainerItemProxy */ = {
			isa = PBXContainerItemProxy;
			containerPortal = 490725F12A69042A0009817F /* Project object */;
			proxyType = 1;
			remoteGlobalIDString = 490725F82A69042A0009817F;
			remoteInfo = RideTrackr;
		};
		49A1D4F92CBA4689007D37BA /* PBXContainerItemProxy */ = {
			isa = PBXContainerItemProxy;
			containerPortal = 490725F12A69042A0009817F /* Project object */;
			proxyType = 1;
			remoteGlobalIDString = 49A1D4EB2CBA4687007D37BA;
			remoteInfo = RideTrackrWidgetExtension;
		};
/* End PBXContainerItemProxy section */

/* Begin PBXCopyFilesBuildPhase section */
		49A1D4FC2CBA4689007D37BA /* Embed Foundation Extensions */ = {
			isa = PBXCopyFilesBuildPhase;
			buildActionMask = 2147483647;
			dstPath = "";
			dstSubfolderSpec = 13;
			files = (
				49A1D4FB2CBA4689007D37BA /* RideTrackrWidgetExtension.appex in Embed Foundation Extensions */,
			);
			name = "Embed Foundation Extensions";
			runOnlyForDeploymentPostprocessing = 0;
		};
/* End PBXCopyFilesBuildPhase section */

/* Begin PBXFileReference section */
		49022C112A6FCADA00E61F31 /* RideDetailView.swift */ = {isa = PBXFileReference; lastKnownFileType = sourcecode.swift; path = RideDetailView.swift; sourceTree = "<group>"; };
		4905ACAD2CB3904300DBE2F9 /* HeartRateZoneManager.swift */ = {isa = PBXFileReference; lastKnownFileType = sourcecode.swift; path = HeartRateZoneManager.swift; sourceTree = "<group>"; };
		490725F92A69042A0009817F /* RideTrackr.app */ = {isa = PBXFileReference; explicitFileType = wrapper.application; includeInIndex = 0; path = RideTrackr.app; sourceTree = BUILT_PRODUCTS_DIR; };
		490725FC2A69042A0009817F /* RideTrackrApp.swift */ = {isa = PBXFileReference; lastKnownFileType = sourcecode.swift; path = RideTrackrApp.swift; sourceTree = "<group>"; };
		490725FE2A69042A0009817F /* ContentView.swift */ = {isa = PBXFileReference; lastKnownFileType = sourcecode.swift; path = ContentView.swift; sourceTree = "<group>"; };
		490726002A69042D0009817F /* Assets.xcassets */ = {isa = PBXFileReference; lastKnownFileType = folder.assetcatalog; path = Assets.xcassets; sourceTree = "<group>"; };
		490726032A69042D0009817F /* Preview Assets.xcassets */ = {isa = PBXFileReference; lastKnownFileType = folder.assetcatalog; path = "Preview Assets.xcassets"; sourceTree = "<group>"; };
		490726092A69042D0009817F /* RideTrackrTests.xctest */ = {isa = PBXFileReference; explicitFileType = wrapper.cfbundle; includeInIndex = 0; path = RideTrackrTests.xctest; sourceTree = BUILT_PRODUCTS_DIR; };
		4907260D2A69042D0009817F /* RideTrackrTests.swift */ = {isa = PBXFileReference; lastKnownFileType = sourcecode.swift; path = RideTrackrTests.swift; sourceTree = "<group>"; };
		490726132A69042D0009817F /* RideTrackrUITests.xctest */ = {isa = PBXFileReference; explicitFileType = wrapper.cfbundle; includeInIndex = 0; path = RideTrackrUITests.xctest; sourceTree = BUILT_PRODUCTS_DIR; };
		490726172A69042D0009817F /* RideTrackrUITests.swift */ = {isa = PBXFileReference; lastKnownFileType = sourcecode.swift; path = RideTrackrUITests.swift; sourceTree = "<group>"; };
		490726192A69042D0009817F /* RideTrackrUITestsLaunchTests.swift */ = {isa = PBXFileReference; lastKnownFileType = sourcecode.swift; path = RideTrackrUITestsLaunchTests.swift; sourceTree = "<group>"; };
		490726282A69045F0009817F /* RideTrackrTabView.swift */ = {isa = PBXFileReference; lastKnownFileType = sourcecode.swift; path = RideTrackrTabView.swift; sourceTree = "<group>"; };
		4907262A2A6904710009817F /* HomeView.swift */ = {isa = PBXFileReference; lastKnownFileType = sourcecode.swift; path = HomeView.swift; sourceTree = "<group>"; };
		4907262C2A6904800009817F /* SettingsView.swift */ = {isa = PBXFileReference; lastKnownFileType = sourcecode.swift; path = SettingsView.swift; sourceTree = "<group>"; usesTabs = 0; };
		4907262F2A6907B40009817F /* TrendCardView.swift */ = {isa = PBXFileReference; lastKnownFileType = sourcecode.swift; path = TrendCardView.swift; sourceTree = "<group>"; };
		490726312A690E000009817F /* LargeRidePreview.swift */ = {isa = PBXFileReference; lastKnownFileType = sourcecode.swift; path = LargeRidePreview.swift; sourceTree = "<group>"; };
		490726332A6912660009817F /* Ride.swift */ = {isa = PBXFileReference; lastKnownFileType = sourcecode.swift; path = Ride.swift; sourceTree = "<group>"; };
		490726382A69557F0009817F /* RideTrackr.entitlements */ = {isa = PBXFileReference; lastKnownFileType = text.plist.entitlements; path = RideTrackr.entitlements; sourceTree = "<group>"; };
		490741DD2C37D04200C07C24 /* EffortScoreView.swift */ = {isa = PBXFileReference; lastKnownFileType = sourcecode.swift; path = EffortScoreView.swift; sourceTree = "<group>"; };
		490741DF2C37EBF000C07C24 /* LargeMapPreviewView.swift */ = {isa = PBXFileReference; lastKnownFileType = sourcecode.swift; path = LargeMapPreviewView.swift; sourceTree = "<group>"; };
		49188F4C2AFB680A000C1E68 /* MapSnapShotView.swift */ = {isa = PBXFileReference; lastKnownFileType = sourcecode.swift; path = MapSnapShotView.swift; sourceTree = "<group>"; };
		49188F4E2AFB6AEE000C1E68 /* TemperatureView.swift */ = {isa = PBXFileReference; lastKnownFileType = sourcecode.swift; path = TemperatureView.swift; sourceTree = "<group>"; };
		491E17592CC4D0C1007627AB /* OnBoardingView.swift */ = {isa = PBXFileReference; lastKnownFileType = sourcecode.swift; path = OnBoardingView.swift; sourceTree = "<group>"; };
		492124942AE9027500889575 /* Extensions.swift */ = {isa = PBXFileReference; lastKnownFileType = sourcecode.swift; path = Extensions.swift; sourceTree = "<group>"; };
		4921249B2AE9E73800889575 /* SettingsManager.swift */ = {isa = PBXFileReference; lastKnownFileType = sourcecode.swift; path = SettingsManager.swift; sourceTree = "<group>"; };
		4925C2082A74FE9D00761FDA /* RideRowView.swift */ = {isa = PBXFileReference; lastKnownFileType = sourcecode.swift; path = RideRowView.swift; sourceTree = "<group>"; };
		4925C20A2A75128900761FDA /* RideListView.swift */ = {isa = PBXFileReference; lastKnownFileType = sourcecode.swift; path = RideListView.swift; sourceTree = "<group>"; };
		4925C20E2A75130000761FDA /* NavigationManager.swift */ = {isa = PBXFileReference; lastKnownFileType = sourcecode.swift; path = NavigationManager.swift; sourceTree = "<group>"; };
		49313AEA2C1AB27C00AA5789 /* HKManager.swift */ = {isa = PBXFileReference; lastKnownFileType = sourcecode.swift; path = HKManager.swift; sourceTree = "<group>"; };
		4931A6B22CACED330016E2C7 /* MapOverlayPicker.swift */ = {isa = PBXFileReference; lastKnownFileType = sourcecode.swift; path = MapOverlayPicker.swift; sourceTree = "<group>"; };
		494B24402ABFD49800B05739 /* RideShareView.swift */ = {isa = PBXFileReference; lastKnownFileType = sourcecode.swift; path = RideShareView.swift; sourceTree = "<group>"; };
		494DAA892C256F86001E0D4B /* mainSchema.sql */ = {isa = PBXFileReference; lastKnownFileType = text; path = mainSchema.sql; sourceTree = "<group>"; };
		494DAA8B2C25768D001E0D4B /* StatSample.swift */ = {isa = PBXFileReference; lastKnownFileType = sourcecode.swift; path = StatSample.swift; sourceTree = "<group>"; };
		494F67062AF3760D001163B3 /* Info.plist */ = {isa = PBXFileReference; lastKnownFileType = text.plist; path = Info.plist; sourceTree = "<group>"; };
		495CD9022CBF7270007FF8F7 /* AppDelegate.swift */ = {isa = PBXFileReference; lastKnownFileType = sourcecode.swift; path = AppDelegate.swift; sourceTree = "<group>"; };
		496074272C3A62BE006E9E80 /* ShimmerEffect.swift */ = {isa = PBXFileReference; lastKnownFileType = sourcecode.swift; path = ShimmerEffect.swift; sourceTree = "<group>"; };
		498657B52C339A8F00EEF59F /* LaunchScreen.storyboard */ = {isa = PBXFileReference; lastKnownFileType = file.storyboard; path = LaunchScreen.storyboard; sourceTree = "<group>"; };
		498657B92C33BFFA00EEF59F /* TrendPreviewView.swift */ = {isa = PBXFileReference; lastKnownFileType = sourcecode.swift; path = TrendPreviewView.swift; sourceTree = "<group>"; };
		498657BB2C33F80A00EEF59F /* DateIntervalPickerView.swift */ = {isa = PBXFileReference; lastKnownFileType = sourcecode.swift; path = DateIntervalPickerView.swift; sourceTree = "<group>"; };
		498657BD2C352A5700EEF59F /* DateFilterButton.swift */ = {isa = PBXFileReference; lastKnownFileType = sourcecode.swift; path = DateFilterButton.swift; sourceTree = "<group>"; };
		498657BF2C3535E200EEF59F /* FilterSheetView.swift */ = {isa = PBXFileReference; lastKnownFileType = sourcecode.swift; path = FilterSheetView.swift; sourceTree = "<group>"; };
		49932F5B2AF1FD3700A45D14 /* RecentRidesCardList.swift */ = {isa = PBXFileReference; lastKnownFileType = sourcecode.swift; path = RecentRidesCardList.swift; sourceTree = "<group>"; };
		49A1D4EC2CBA4687007D37BA /* RideTrackrWidgetExtension.appex */ = {isa = PBXFileReference; explicitFileType = "wrapper.app-extension"; includeInIndex = 0; path = RideTrackrWidgetExtension.appex; sourceTree = BUILT_PRODUCTS_DIR; };
		49A1D4ED2CBA4687007D37BA /* WidgetKit.framework */ = {isa = PBXFileReference; lastKnownFileType = wrapper.framework; name = WidgetKit.framework; path = System/Library/Frameworks/WidgetKit.framework; sourceTree = SDKROOT; };
		49A1D4EF2CBA4687007D37BA /* SwiftUI.framework */ = {isa = PBXFileReference; lastKnownFileType = wrapper.framework; name = SwiftUI.framework; path = System/Library/Frameworks/SwiftUI.framework; sourceTree = SDKROOT; };
		49A1D5142CBA4D83007D37BA /* StatDifferenceArrow.swift */ = {isa = PBXFileReference; lastKnownFileType = sourcecode.swift; path = StatDifferenceArrow.swift; sourceTree = "<group>"; };
		49A1D5212CBA732A007D37BA /* LabelStyles.swift */ = {isa = PBXFileReference; lastKnownFileType = sourcecode.swift; path = LabelStyles.swift; sourceTree = "<group>"; };
		49E63A0A2B05DEF1005451D1 /* DataManager.swift */ = {isa = PBXFileReference; lastKnownFileType = sourcecode.swift; path = DataManager.swift; sourceTree = "<group>"; };
		49E63A0C2B0610CB005451D1 /* NotificationManager.swift */ = {isa = PBXFileReference; lastKnownFileType = sourcecode.swift; path = NotificationManager.swift; sourceTree = "<group>"; };
		49E71F3F2AC1374200900477 /* TrendsTabView.swift */ = {isa = PBXFileReference; lastKnownFileType = sourcecode.swift; path = TrendsTabView.swift; sourceTree = "<group>"; };
		49E71F412AC146C200900477 /* TrendView.swift */ = {isa = PBXFileReference; lastKnownFileType = sourcecode.swift; path = TrendView.swift; sourceTree = "<group>"; };
		49E71F432AC1509E00900477 /* TrendType.swift */ = {isa = PBXFileReference; lastKnownFileType = sourcecode.swift; path = TrendType.swift; sourceTree = "<group>"; };
		49E71F452AC1515A00900477 /* TrendManager.swift */ = {isa = PBXFileReference; lastKnownFileType = sourcecode.swift; path = TrendManager.swift; sourceTree = "<group>"; };
		49F105B22CC8F61A0083368B /* Goal.swift */ = {isa = PBXFileReference; lastKnownFileType = sourcecode.swift; path = Goal.swift; sourceTree = "<group>"; };
		49F105B52CC8F8620083368B /* GoalManager.swift */ = {isa = PBXFileReference; lastKnownFileType = sourcecode.swift; path = GoalManager.swift; sourceTree = "<group>"; };
		49F105B82CC8FB0A0083368B /* TimeFrame.swift */ = {isa = PBXFileReference; lastKnownFileType = sourcecode.swift; path = TimeFrame.swift; sourceTree = "<group>"; };
		49F26F922CB4F73600BDA227 /* HeartRateZoneView.swift */ = {isa = PBXFileReference; lastKnownFileType = sourcecode.swift; path = HeartRateZoneView.swift; sourceTree = "<group>"; };
		49F26FB02CB6566600BDA227 /* RideMapView.swift */ = {isa = PBXFileReference; lastKnownFileType = sourcecode.swift; path = RideMapView.swift; sourceTree = "<group>"; };
		49F26FBD2CB7564500BDA227 /* CollapseView.swift */ = {isa = PBXFileReference; lastKnownFileType = sourcecode.swift; path = CollapseView.swift; sourceTree = "<group>"; };
		49F26FBF2CB75BDA00BDA227 /* RideGraphsView.swift */ = {isa = PBXFileReference; lastKnownFileType = sourcecode.swift; path = RideGraphsView.swift; sourceTree = "<group>"; };
		49FDA2C82C311A7E008D61F8 /* PersistentLocation.swift */ = {isa = PBXFileReference; lastKnownFileType = sourcecode.swift; path = PersistentLocation.swift; sourceTree = "<group>"; };
/* End PBXFileReference section */

/* Begin PBXFileSystemSynchronizedBuildFileExceptionSet section */
		49A1D4FF2CBA4689007D37BA /* PBXFileSystemSynchronizedBuildFileExceptionSet */ = {
			isa = PBXFileSystemSynchronizedBuildFileExceptionSet;
			membershipExceptions = (
				Info.plist,
			);
			target = 49A1D4EB2CBA4687007D37BA /* RideTrackrWidgetExtension */;
		};
/* End PBXFileSystemSynchronizedBuildFileExceptionSet section */

/* Begin PBXFileSystemSynchronizedRootGroup section */
		49A1D4F12CBA4687007D37BA /* RideTrackrWidget */ = {isa = PBXFileSystemSynchronizedRootGroup; exceptions = (49A1D4FF2CBA4689007D37BA /* PBXFileSystemSynchronizedBuildFileExceptionSet */, ); explicitFileTypes = {}; explicitFolders = (); path = RideTrackrWidget; sourceTree = "<group>"; };
/* End PBXFileSystemSynchronizedRootGroup section */

/* Begin PBXFrameworksBuildPhase section */
		490725F62A69042A0009817F /* Frameworks */ = {
			isa = PBXFrameworksBuildPhase;
			buildActionMask = 2147483647;
			files = (
				494DAA862C255D78001E0D4B /* FMDB in Frameworks */,
				490741E42C38239A00C07C24 /* PolyKit in Frameworks */,
			);
			runOnlyForDeploymentPostprocessing = 0;
		};
		490726062A69042D0009817F /* Frameworks */ = {
			isa = PBXFrameworksBuildPhase;
			buildActionMask = 2147483647;
			files = (
			);
			runOnlyForDeploymentPostprocessing = 0;
		};
		490726102A69042D0009817F /* Frameworks */ = {
			isa = PBXFrameworksBuildPhase;
			buildActionMask = 2147483647;
			files = (
			);
			runOnlyForDeploymentPostprocessing = 0;
		};
		49A1D4E92CBA4687007D37BA /* Frameworks */ = {
			isa = PBXFrameworksBuildPhase;
			buildActionMask = 2147483647;
			files = (
				49A1D5062CBA4B20007D37BA /* PolyKit in Frameworks */,
				49A1D5082CBA4B36007D37BA /* FMDB in Frameworks */,
				49A1D4F02CBA4687007D37BA /* SwiftUI.framework in Frameworks */,
				49A1D4EE2CBA4687007D37BA /* WidgetKit.framework in Frameworks */,
			);
			runOnlyForDeploymentPostprocessing = 0;
		};
/* End PBXFrameworksBuildPhase section */

/* Begin PBXGroup section */
		49022C102A6FCA0500E61F31 /* Ride */ = {
			isa = PBXGroup;
			children = (
				495CD8FE2CBF7010007FF8F7 /* Ride Detail */,
				495CD8FF2CBF7018007FF8F7 /* Ride LIst View */,
			);
			path = Ride;
			sourceTree = "<group>";
		};
		490725F02A69042A0009817F = {
			isa = PBXGroup;
			children = (
				490741E22C38239A00C07C24 /* Frameworks */,
				490725FA2A69042A0009817F /* Products */,
				490725FB2A69042A0009817F /* RideTrackr */,
				4907260C2A69042D0009817F /* RideTrackrTests */,
				490726162A69042D0009817F /* RideTrackrUITests */,
				49A1D4F12CBA4687007D37BA /* RideTrackrWidget */,
			);
			sourceTree = "<group>";
		};
		490725FA2A69042A0009817F /* Products */ = {
			isa = PBXGroup;
			children = (
				490725F92A69042A0009817F /* RideTrackr.app */,
				490726092A69042D0009817F /* RideTrackrTests.xctest */,
				490726132A69042D0009817F /* RideTrackrUITests.xctest */,
				49A1D4EC2CBA4687007D37BA /* RideTrackrWidgetExtension.appex */,
			);
			name = Products;
			sourceTree = "<group>";
		};
		490725FB2A69042A0009817F /* RideTrackr */ = {
			isa = PBXGroup;
			children = (
				495CD9022CBF7270007FF8F7 /* AppDelegate.swift */,
				490726002A69042D0009817F /* Assets.xcassets */,
				492124932AE9026700889575 /* Helpers */,
				494F67062AF3760D001163B3 /* Info.plist */,
				490726352A6951830009817F /* Manager */,
				490726272A69043D0009817F /* Model */,
				490726022A69042D0009817F /* Preview Content */,
				490726382A69557F0009817F /* RideTrackr.entitlements */,
				490725FC2A69042A0009817F /* RideTrackrApp.swift */,
				494DAA882C256F7A001E0D4B /* Schema */,
				490726262A6904360009817F /* View */,
				498657B52C339A8F00EEF59F /* LaunchScreen.storyboard */,
			);
			path = RideTrackr;
			sourceTree = "<group>";
		};
		490726022A69042D0009817F /* Preview Content */ = {
			isa = PBXGroup;
			children = (
				490726032A69042D0009817F /* Preview Assets.xcassets */,
			);
			path = "Preview Content";
			sourceTree = "<group>";
		};
		4907260C2A69042D0009817F /* RideTrackrTests */ = {
			isa = PBXGroup;
			children = (
				4907260D2A69042D0009817F /* RideTrackrTests.swift */,
			);
			path = RideTrackrTests;
			sourceTree = "<group>";
		};
		490726162A69042D0009817F /* RideTrackrUITests */ = {
			isa = PBXGroup;
			children = (
				490726172A69042D0009817F /* RideTrackrUITests.swift */,
				490726192A69042D0009817F /* RideTrackrUITestsLaunchTests.swift */,
			);
			path = RideTrackrUITests;
			sourceTree = "<group>";
		};
		490726262A6904360009817F /* View */ = {
			isa = PBXGroup;
			children = (
				49F105BB2CC90AD20083368B /* Goal */,
				49188F4B2AFB67E1000C1E68 /* Helpers */,
				4907262E2A6907940009817F /* Home */,
				49FDA2CA2C311AA5008D61F8 /* Navigation */,
				49022C102A6FCA0500E61F31 /* Ride */,
				492124962AE9E11100889575 /* Settings */,
				49E71F3E2AC1372C00900477 /* Trend */,
			);
			path = View;
			sourceTree = "<group>";
		};
		490726272A69043D0009817F /* Model */ = {
			isa = PBXGroup;
			children = (
				49FDA2C82C311A7E008D61F8 /* PersistentLocation.swift */,
				490726332A6912660009817F /* Ride.swift */,
				494DAA8B2C25768D001E0D4B /* StatSample.swift */,
				49E71F432AC1509E00900477 /* TrendType.swift */,
				49F105B22CC8F61A0083368B /* Goal.swift */,
				49F105B82CC8FB0A0083368B /* TimeFrame.swift */,
			);
			path = Model;
			sourceTree = "<group>";
		};
		4907262E2A6907940009817F /* Home */ = {
			isa = PBXGroup;
			children = (
				4907262A2A6904710009817F /* HomeView.swift */,
				4907262F2A6907B40009817F /* TrendCardView.swift */,
				49932F5B2AF1FD3700A45D14 /* RecentRidesCardList.swift */,
				498657B92C33BFFA00EEF59F /* TrendPreviewView.swift */,
			);
			path = Home;
			sourceTree = "<group>";
		};
		490726352A6951830009817F /* Manager */ = {
			isa = PBXGroup;
			children = (
				49E63A0A2B05DEF1005451D1 /* DataManager.swift */,
				4905ACAD2CB3904300DBE2F9 /* HeartRateZoneManager.swift */,
				49313AEA2C1AB27C00AA5789 /* HKManager.swift */,
				4925C20E2A75130000761FDA /* NavigationManager.swift */,
				49E63A0C2B0610CB005451D1 /* NotificationManager.swift */,
				4921249B2AE9E73800889575 /* SettingsManager.swift */,
				49E71F452AC1515A00900477 /* TrendManager.swift */,
				49F105B52CC8F8620083368B /* GoalManager.swift */,
			);
			path = Manager;
			sourceTree = "<group>";
		};
		490741E22C38239A00C07C24 /* Frameworks */ = {
			isa = PBXGroup;
			children = (
				49A1D4ED2CBA4687007D37BA /* WidgetKit.framework */,
				49A1D4EF2CBA4687007D37BA /* SwiftUI.framework */,
			);
			name = Frameworks;
			sourceTree = "<group>";
		};
		49188F4B2AFB67E1000C1E68 /* Helpers */ = {
			isa = PBXGroup;
			children = (
				49A1D5142CBA4D83007D37BA /* StatDifferenceArrow.swift */,
				496074272C3A62BE006E9E80 /* ShimmerEffect.swift */,
				49188F4C2AFB680A000C1E68 /* MapSnapShotView.swift */,
			);
			path = Helpers;
			sourceTree = "<group>";
		};
		492124932AE9026700889575 /* Helpers */ = {
			isa = PBXGroup;
			children = (
				49A1D5212CBA732A007D37BA /* LabelStyles.swift */,
				492124942AE9027500889575 /* Extensions.swift */,
			);
			path = Helpers;
			sourceTree = "<group>";
		};
		492124962AE9E11100889575 /* Settings */ = {
			isa = PBXGroup;
			children = (
				4907262C2A6904800009817F /* SettingsView.swift */,
			);
			path = Settings;
			sourceTree = "<group>";
		};
		494DAA882C256F7A001E0D4B /* Schema */ = {
			isa = PBXGroup;
			children = (
				494DAA892C256F86001E0D4B /* mainSchema.sql */,
			);
			path = Schema;
			sourceTree = "<group>";
		};
		495CD8FE2CBF7010007FF8F7 /* Ride Detail */ = {
			isa = PBXGroup;
			children = (
				49F26F922CB4F73600BDA227 /* HeartRateZoneView.swift */,
				490726312A690E000009817F /* LargeRidePreview.swift */,
				49022C112A6FCADA00E61F31 /* RideDetailView.swift */,
				49F26FBF2CB75BDA00BDA227 /* RideGraphsView.swift */,
				495CD9002CBF7093007FF8F7 /* Helpers */,
				495CD9012CBF70EF007FF8F7 /* Map */,
			);
			path = "Ride Detail";
			sourceTree = "<group>";
		};
		495CD8FF2CBF7018007FF8F7 /* Ride LIst View */ = {
			isa = PBXGroup;
			children = (
				498657BD2C352A5700EEF59F /* DateFilterButton.swift */,
				498657BB2C33F80A00EEF59F /* DateIntervalPickerView.swift */,
				498657BF2C3535E200EEF59F /* FilterSheetView.swift */,
				4925C20A2A75128900761FDA /* RideListView.swift */,
				4925C2082A74FE9D00761FDA /* RideRowView.swift */,
			);
			path = "Ride LIst View";
			sourceTree = "<group>";
		};
		495CD9002CBF7093007FF8F7 /* Helpers */ = {
			isa = PBXGroup;
			children = (
				49F26FBD2CB7564500BDA227 /* CollapseView.swift */,
				490741DD2C37D04200C07C24 /* EffortScoreView.swift */,
				494B24402ABFD49800B05739 /* RideShareView.swift */,
			);
			path = Helpers;
			sourceTree = "<group>";
		};
		495CD9012CBF70EF007FF8F7 /* Map */ = {
			isa = PBXGroup;
			children = (
				490741DF2C37EBF000C07C24 /* LargeMapPreviewView.swift */,
				4931A6B22CACED330016E2C7 /* MapOverlayPicker.swift */,
				49F26FB02CB6566600BDA227 /* RideMapView.swift */,
				49188F4E2AFB6AEE000C1E68 /* TemperatureView.swift */,
			);
			path = Map;
			sourceTree = "<group>";
		};
		49E71F3E2AC1372C00900477 /* Trend */ = {
			isa = PBXGroup;
			children = (
				49E71F3F2AC1374200900477 /* TrendsTabView.swift */,
				49E71F412AC146C200900477 /* TrendView.swift */,
			);
			path = Trend;
			sourceTree = "<group>";
		};
		49F105BB2CC90AD20083368B /* Goal */ = {
			isa = PBXGroup;
			children = (
			);
			path = Goal;
			sourceTree = "<group>";
		};
		49FDA2CA2C311AA5008D61F8 /* Navigation */ = {
			isa = PBXGroup;
			children = (
				490726282A69045F0009817F /* RideTrackrTabView.swift */,
				490725FE2A69042A0009817F /* ContentView.swift */,
				491E17592CC4D0C1007627AB /* OnBoardingView.swift */,
			);
			path = Navigation;
			sourceTree = "<group>";
		};
/* End PBXGroup section */

/* Begin PBXNativeTarget section */
		490725F82A69042A0009817F /* RideTrackr */ = {
			isa = PBXNativeTarget;
			buildConfigurationList = 4907261D2A69042D0009817F /* Build configuration list for PBXNativeTarget "RideTrackr" */;
			buildPhases = (
				490725F52A69042A0009817F /* Sources */,
				490725F62A69042A0009817F /* Frameworks */,
				490725F72A69042A0009817F /* Resources */,
				49A1D4FC2CBA4689007D37BA /* Embed Foundation Extensions */,
			);
			buildRules = (
			);
			dependencies = (
				49A1D4FA2CBA4689007D37BA /* PBXTargetDependency */,
			);
			name = RideTrackr;
			packageProductDependencies = (
				494DAA852C255D78001E0D4B /* FMDB */,
				490741E32C38239A00C07C24 /* PolyKit */,
			);
			productName = RideTrackr;
			productReference = 490725F92A69042A0009817F /* RideTrackr.app */;
			productType = "com.apple.product-type.application";
		};
		490726082A69042D0009817F /* RideTrackrTests */ = {
			isa = PBXNativeTarget;
			buildConfigurationList = 490726202A69042D0009817F /* Build configuration list for PBXNativeTarget "RideTrackrTests" */;
			buildPhases = (
				490726052A69042D0009817F /* Sources */,
				490726062A69042D0009817F /* Frameworks */,
				490726072A69042D0009817F /* Resources */,
			);
			buildRules = (
			);
			dependencies = (
				4907260B2A69042D0009817F /* PBXTargetDependency */,
			);
			name = RideTrackrTests;
			productName = RideTrackrTests;
			productReference = 490726092A69042D0009817F /* RideTrackrTests.xctest */;
			productType = "com.apple.product-type.bundle.unit-test";
		};
		490726122A69042D0009817F /* RideTrackrUITests */ = {
			isa = PBXNativeTarget;
			buildConfigurationList = 490726232A69042D0009817F /* Build configuration list for PBXNativeTarget "RideTrackrUITests" */;
			buildPhases = (
				4907260F2A69042D0009817F /* Sources */,
				490726102A69042D0009817F /* Frameworks */,
				490726112A69042D0009817F /* Resources */,
			);
			buildRules = (
			);
			dependencies = (
				490726152A69042D0009817F /* PBXTargetDependency */,
			);
			name = RideTrackrUITests;
			productName = RideTrackrUITests;
			productReference = 490726132A69042D0009817F /* RideTrackrUITests.xctest */;
			productType = "com.apple.product-type.bundle.ui-testing";
		};
		49A1D4EB2CBA4687007D37BA /* RideTrackrWidgetExtension */ = {
			isa = PBXNativeTarget;
			buildConfigurationList = 49A1D5002CBA4689007D37BA /* Build configuration list for PBXNativeTarget "RideTrackrWidgetExtension" */;
			buildPhases = (
				49A1D4E82CBA4687007D37BA /* Sources */,
				49A1D4E92CBA4687007D37BA /* Frameworks */,
				49A1D4EA2CBA4687007D37BA /* Resources */,
			);
			buildRules = (
			);
			dependencies = (
			);
			fileSystemSynchronizedGroups = (
				49A1D4F12CBA4687007D37BA /* RideTrackrWidget */,
			);
			name = RideTrackrWidgetExtension;
			packageProductDependencies = (
				49A1D5052CBA4B20007D37BA /* PolyKit */,
				49A1D5072CBA4B36007D37BA /* FMDB */,
			);
			productName = RideTrackrWidgetExtension;
			productReference = 49A1D4EC2CBA4687007D37BA /* RideTrackrWidgetExtension.appex */;
			productType = "com.apple.product-type.app-extension";
		};
/* End PBXNativeTarget section */

/* Begin PBXProject section */
		490725F12A69042A0009817F /* Project object */ = {
			isa = PBXProject;
			attributes = {
				BuildIndependentTargetsInParallel = 1;
				LastSwiftUpdateCheck = 1600;
				LastUpgradeCheck = 1600;
				TargetAttributes = {
					490725F82A69042A0009817F = {
						CreatedOnToolsVersion = 15.0;
					};
					490726082A69042D0009817F = {
						CreatedOnToolsVersion = 15.0;
						TestTargetID = 490725F82A69042A0009817F;
					};
					490726122A69042D0009817F = {
						CreatedOnToolsVersion = 15.0;
						TestTargetID = 490725F82A69042A0009817F;
					};
					49A1D4EB2CBA4687007D37BA = {
						CreatedOnToolsVersion = 16.0;
					};
				};
			};
			buildConfigurationList = 490725F42A69042A0009817F /* Build configuration list for PBXProject "RideTrackr" */;
			compatibilityVersion = "Xcode 14.0";
			developmentRegion = en;
			hasScannedForEncodings = 0;
			knownRegions = (
				en,
				Base,
			);
			mainGroup = 490725F02A69042A0009817F;
			packageReferences = (
				494DAA842C255D11001E0D4B /* XCRemoteSwiftPackageReference "fmdb" */,
				490741E12C3822D600C07C24 /* XCRemoteSwiftPackageReference "PolyKit" */,
			);
			productRefGroup = 490725FA2A69042A0009817F /* Products */;
			projectDirPath = "";
			projectRoot = "";
			targets = (
				490725F82A69042A0009817F /* RideTrackr */,
				490726082A69042D0009817F /* RideTrackrTests */,
				490726122A69042D0009817F /* RideTrackrUITests */,
				49A1D4EB2CBA4687007D37BA /* RideTrackrWidgetExtension */,
			);
		};
/* End PBXProject section */

/* Begin PBXResourcesBuildPhase section */
		490725F72A69042A0009817F /* Resources */ = {
			isa = PBXResourcesBuildPhase;
			buildActionMask = 2147483647;
			files = (
				490726042A69042D0009817F /* Preview Assets.xcassets in Resources */,
				498657B62C339A8F00EEF59F /* LaunchScreen.storyboard in Resources */,
				490726012A69042D0009817F /* Assets.xcassets in Resources */,
				494DAA8A2C256F8D001E0D4B /* mainSchema.sql in Resources */,
			);
			runOnlyForDeploymentPostprocessing = 0;
		};
		490726072A69042D0009817F /* Resources */ = {
			isa = PBXResourcesBuildPhase;
			buildActionMask = 2147483647;
			files = (
			);
			runOnlyForDeploymentPostprocessing = 0;
		};
		490726112A69042D0009817F /* Resources */ = {
			isa = PBXResourcesBuildPhase;
			buildActionMask = 2147483647;
			files = (
			);
			runOnlyForDeploymentPostprocessing = 0;
		};
		49A1D4EA2CBA4687007D37BA /* Resources */ = {
			isa = PBXResourcesBuildPhase;
			buildActionMask = 2147483647;
			files = (
				49A1D5112CBA4CC5007D37BA /* Assets.xcassets in Resources */,
			);
			runOnlyForDeploymentPostprocessing = 0;
		};
/* End PBXResourcesBuildPhase section */

/* Begin PBXSourcesBuildPhase section */
		490725F52A69042A0009817F /* Sources */ = {
			isa = PBXSourcesBuildPhase;
			buildActionMask = 2147483647;
			files = (
				494B24412ABFD49800B05739 /* RideShareView.swift in Sources */,
				49932F5C2AF1FD3700A45D14 /* RecentRidesCardList.swift in Sources */,
				49E71F402AC1374200900477 /* TrendsTabView.swift in Sources */,
				49F26FC02CB75BDA00BDA227 /* RideGraphsView.swift in Sources */,
				4925C20B2A75128900761FDA /* RideListView.swift in Sources */,
				491E175A2CC4D0C1007627AB /* OnBoardingView.swift in Sources */,
				49313AEB2C1AB27C00AA5789 /* HKManager.swift in Sources */,
				49188F4D2AFB680A000C1E68 /* MapSnapShotView.swift in Sources */,
				49E63A0D2B0610CB005451D1 /* NotificationManager.swift in Sources */,
				490726322A690E000009817F /* LargeRidePreview.swift in Sources */,
				49022C122A6FCADA00E61F31 /* RideDetailView.swift in Sources */,
				49F26FB12CB6566600BDA227 /* RideMapView.swift in Sources */,
				49FDA2C92C311A7E008D61F8 /* PersistentLocation.swift in Sources */,
				498657BC2C33F80A00EEF59F /* DateIntervalPickerView.swift in Sources */,
				49E71F422AC146C200900477 /* TrendView.swift in Sources */,
				490726342A6912660009817F /* Ride.swift in Sources */,
				490741DE2C37D04200C07C24 /* EffortScoreView.swift in Sources */,
				4907262D2A6904800009817F /* SettingsView.swift in Sources */,
				490726292A69045F0009817F /* RideTrackrTabView.swift in Sources */,
				4907262B2A6904710009817F /* HomeView.swift in Sources */,
				498657BA2C33BFFA00EEF59F /* TrendPreviewView.swift in Sources */,
				49F26F932CB4F73600BDA227 /* HeartRateZoneView.swift in Sources */,
				490725FF2A69042A0009817F /* ContentView.swift in Sources */,
				49A1D5232CBA7334007D37BA /* LabelStyles.swift in Sources */,
				490741E02C37EBF000C07C24 /* LargeMapPreviewView.swift in Sources */,
				4905ACAE2CB3904300DBE2F9 /* HeartRateZoneManager.swift in Sources */,
				49F105BA2CC8FCD70083368B /* TimeFrame.swift in Sources */,
				496074282C3A62C6006E9E80 /* ShimmerEffect.swift in Sources */,
				490725FD2A69042A0009817F /* RideTrackrApp.swift in Sources */,
				498657BE2C352A5700EEF59F /* DateFilterButton.swift in Sources */,
				4925C2092A74FE9D00761FDA /* RideRowView.swift in Sources */,
				49188F4F2AFB6AEE000C1E68 /* TemperatureView.swift in Sources */,
				492124952AE9027500889575 /* Extensions.swift in Sources */,
				495CD9032CBF727A007FF8F7 /* AppDelegate.swift in Sources */,
				4925C20F2A75130000761FDA /* NavigationManager.swift in Sources */,
				4921249C2AE9E73800889575 /* SettingsManager.swift in Sources */,
				49E63A0B2B05DEF1005451D1 /* DataManager.swift in Sources */,
				490726302A6907B40009817F /* TrendCardView.swift in Sources */,
				4931A6B32CACED330016E2C7 /* MapOverlayPicker.swift in Sources */,
				49A1D5152CBA4D83007D37BA /* StatDifferenceArrow.swift in Sources */,
				494DAA8C2C25768D001E0D4B /* StatSample.swift in Sources */,
				49F105B72CC8F8620083368B /* GoalManager.swift in Sources */,
				498657C02C3535E200EEF59F /* FilterSheetView.swift in Sources */,
				49E71F462AC1515A00900477 /* TrendManager.swift in Sources */,
				49F26FBE2CB7564500BDA227 /* CollapseView.swift in Sources */,
				49F105B42CC8F61A0083368B /* Goal.swift in Sources */,
				49E71F442AC1509E00900477 /* TrendType.swift in Sources */,
			);
			runOnlyForDeploymentPostprocessing = 0;
		};
		490726052A69042D0009817F /* Sources */ = {
			isa = PBXSourcesBuildPhase;
			buildActionMask = 2147483647;
			files = (
				4907260E2A69042D0009817F /* RideTrackrTests.swift in Sources */,
			);
			runOnlyForDeploymentPostprocessing = 0;
		};
		4907260F2A69042D0009817F /* Sources */ = {
			isa = PBXSourcesBuildPhase;
			buildActionMask = 2147483647;
			files = (
				490726182A69042D0009817F /* RideTrackrUITests.swift in Sources */,
				4907261A2A69042D0009817F /* RideTrackrUITestsLaunchTests.swift in Sources */,
			);
			runOnlyForDeploymentPostprocessing = 0;
		};
		49A1D4E82CBA4687007D37BA /* Sources */ = {
			isa = PBXSourcesBuildPhase;
			buildActionMask = 2147483647;
			files = (
				49A1D5092CBA4B71007D37BA /* HKManager.swift in Sources */,
				49F105B62CC8F8620083368B /* GoalManager.swift in Sources */,
				49A1D50A2CBA4B71007D37BA /* SettingsManager.swift in Sources */,
				49A1D50F2CBA4B80007D37BA /* PersistentLocation.swift in Sources */,
				49A1D5102CBA4B80007D37BA /* TrendType.swift in Sources */,
				49A1D5162CBA4DB4007D37BA /* StatDifferenceArrow.swift in Sources */,
				49F105B92CC8FB0A0083368B /* TimeFrame.swift in Sources */,
				49A1D50B2CBA4B71007D37BA /* HeartRateZoneManager.swift in Sources */,
				49A1D50D2CBA4B71007D37BA /* TrendManager.swift in Sources */,
				49A1D50E2CBA4B71007D37BA /* NotificationManager.swift in Sources */,
				49F105B32CC8F61A0083368B /* Goal.swift in Sources */,
				49A1D5122CBA4CE9007D37BA /* Extensions.swift in Sources */,
				49A1D5042CBA4A63007D37BA /* DataManager.swift in Sources */,
				49A1D5032CBA4A59007D37BA /* Ride.swift in Sources */,
				49A1D5222CBA7334007D37BA /* LabelStyles.swift in Sources */,
				49A1D5022CBA4A4F007D37BA /* StatSample.swift in Sources */,
				49A1D5132CBA4D3F007D37BA /* TrendView.swift in Sources */,
			);
			runOnlyForDeploymentPostprocessing = 0;
		};
/* End PBXSourcesBuildPhase section */

/* Begin PBXTargetDependency section */
		4907260B2A69042D0009817F /* PBXTargetDependency */ = {
			isa = PBXTargetDependency;
			target = 490725F82A69042A0009817F /* RideTrackr */;
			targetProxy = 4907260A2A69042D0009817F /* PBXContainerItemProxy */;
		};
		490726152A69042D0009817F /* PBXTargetDependency */ = {
			isa = PBXTargetDependency;
			target = 490725F82A69042A0009817F /* RideTrackr */;
			targetProxy = 490726142A69042D0009817F /* PBXContainerItemProxy */;
		};
		49A1D4FA2CBA4689007D37BA /* PBXTargetDependency */ = {
			isa = PBXTargetDependency;
			target = 49A1D4EB2CBA4687007D37BA /* RideTrackrWidgetExtension */;
			targetProxy = 49A1D4F92CBA4689007D37BA /* PBXContainerItemProxy */;
		};
/* End PBXTargetDependency section */

/* Begin XCBuildConfiguration section */
		4907261B2A69042D0009817F /* Debug */ = {
			isa = XCBuildConfiguration;
			buildSettings = {
				ALWAYS_SEARCH_USER_PATHS = NO;
				ASSETCATALOG_COMPILER_GENERATE_SWIFT_ASSET_SYMBOL_EXTENSIONS = YES;
				CLANG_ANALYZER_NONNULL = YES;
				CLANG_ANALYZER_NUMBER_OBJECT_CONVERSION = YES_AGGRESSIVE;
				CLANG_CXX_LANGUAGE_STANDARD = "gnu++20";
				CLANG_ENABLE_MODULES = YES;
				CLANG_ENABLE_OBJC_ARC = YES;
				CLANG_ENABLE_OBJC_WEAK = YES;
				CLANG_WARN_BLOCK_CAPTURE_AUTORELEASING = YES;
				CLANG_WARN_BOOL_CONVERSION = YES;
				CLANG_WARN_COMMA = YES;
				CLANG_WARN_CONSTANT_CONVERSION = YES;
				CLANG_WARN_DEPRECATED_OBJC_IMPLEMENTATIONS = YES;
				CLANG_WARN_DIRECT_OBJC_ISA_USAGE = YES_ERROR;
				CLANG_WARN_DOCUMENTATION_COMMENTS = YES;
				CLANG_WARN_EMPTY_BODY = YES;
				CLANG_WARN_ENUM_CONVERSION = YES;
				CLANG_WARN_INFINITE_RECURSION = YES;
				CLANG_WARN_INT_CONVERSION = YES;
				CLANG_WARN_NON_LITERAL_NULL_CONVERSION = YES;
				CLANG_WARN_OBJC_IMPLICIT_RETAIN_SELF = YES;
				CLANG_WARN_OBJC_LITERAL_CONVERSION = YES;
				CLANG_WARN_OBJC_ROOT_CLASS = YES_ERROR;
				CLANG_WARN_QUOTED_INCLUDE_IN_FRAMEWORK_HEADER = YES;
				CLANG_WARN_RANGE_LOOP_ANALYSIS = YES;
				CLANG_WARN_STRICT_PROTOTYPES = YES;
				CLANG_WARN_SUSPICIOUS_MOVE = YES;
				CLANG_WARN_UNGUARDED_AVAILABILITY = YES_AGGRESSIVE;
				CLANG_WARN_UNREACHABLE_CODE = YES;
				CLANG_WARN__DUPLICATE_METHOD_MATCH = YES;
				COPY_PHASE_STRIP = NO;
				DEBUG_INFORMATION_FORMAT = dwarf;
				ENABLE_STRICT_OBJC_MSGSEND = YES;
				ENABLE_TESTABILITY = YES;
				ENABLE_USER_SCRIPT_SANDBOXING = YES;
				GCC_C_LANGUAGE_STANDARD = gnu17;
				GCC_DYNAMIC_NO_PIC = NO;
				GCC_NO_COMMON_BLOCKS = YES;
				GCC_OPTIMIZATION_LEVEL = 0;
				GCC_PREPROCESSOR_DEFINITIONS = (
					"DEBUG=1",
					"$(inherited)",
				);
				GCC_WARN_64_TO_32_BIT_CONVERSION = YES;
				GCC_WARN_ABOUT_RETURN_TYPE = YES_ERROR;
				GCC_WARN_UNDECLARED_SELECTOR = YES;
				GCC_WARN_UNINITIALIZED_AUTOS = YES_AGGRESSIVE;
				GCC_WARN_UNUSED_FUNCTION = YES;
				GCC_WARN_UNUSED_VARIABLE = YES;
				IPHONEOS_DEPLOYMENT_TARGET = 17.0;
				LOCALIZATION_PREFERS_STRING_CATALOGS = YES;
				MTL_ENABLE_DEBUG_INFO = INCLUDE_SOURCE;
				MTL_FAST_MATH = YES;
				ONLY_ACTIVE_ARCH = YES;
				SDKROOT = iphoneos;
				SWIFT_ACTIVE_COMPILATION_CONDITIONS = "DEBUG $(inherited)";
				SWIFT_OPTIMIZATION_LEVEL = "-Onone";
			};
			name = Debug;
		};
		4907261C2A69042D0009817F /* Release */ = {
			isa = XCBuildConfiguration;
			buildSettings = {
				ALWAYS_SEARCH_USER_PATHS = NO;
				ASSETCATALOG_COMPILER_GENERATE_SWIFT_ASSET_SYMBOL_EXTENSIONS = YES;
				CLANG_ANALYZER_NONNULL = YES;
				CLANG_ANALYZER_NUMBER_OBJECT_CONVERSION = YES_AGGRESSIVE;
				CLANG_CXX_LANGUAGE_STANDARD = "gnu++20";
				CLANG_ENABLE_MODULES = YES;
				CLANG_ENABLE_OBJC_ARC = YES;
				CLANG_ENABLE_OBJC_WEAK = YES;
				CLANG_WARN_BLOCK_CAPTURE_AUTORELEASING = YES;
				CLANG_WARN_BOOL_CONVERSION = YES;
				CLANG_WARN_COMMA = YES;
				CLANG_WARN_CONSTANT_CONVERSION = YES;
				CLANG_WARN_DEPRECATED_OBJC_IMPLEMENTATIONS = YES;
				CLANG_WARN_DIRECT_OBJC_ISA_USAGE = YES_ERROR;
				CLANG_WARN_DOCUMENTATION_COMMENTS = YES;
				CLANG_WARN_EMPTY_BODY = YES;
				CLANG_WARN_ENUM_CONVERSION = YES;
				CLANG_WARN_INFINITE_RECURSION = YES;
				CLANG_WARN_INT_CONVERSION = YES;
				CLANG_WARN_NON_LITERAL_NULL_CONVERSION = YES;
				CLANG_WARN_OBJC_IMPLICIT_RETAIN_SELF = YES;
				CLANG_WARN_OBJC_LITERAL_CONVERSION = YES;
				CLANG_WARN_OBJC_ROOT_CLASS = YES_ERROR;
				CLANG_WARN_QUOTED_INCLUDE_IN_FRAMEWORK_HEADER = YES;
				CLANG_WARN_RANGE_LOOP_ANALYSIS = YES;
				CLANG_WARN_STRICT_PROTOTYPES = YES;
				CLANG_WARN_SUSPICIOUS_MOVE = YES;
				CLANG_WARN_UNGUARDED_AVAILABILITY = YES_AGGRESSIVE;
				CLANG_WARN_UNREACHABLE_CODE = YES;
				CLANG_WARN__DUPLICATE_METHOD_MATCH = YES;
				COPY_PHASE_STRIP = NO;
				DEBUG_INFORMATION_FORMAT = "dwarf-with-dsym";
				ENABLE_NS_ASSERTIONS = NO;
				ENABLE_STRICT_OBJC_MSGSEND = YES;
				ENABLE_USER_SCRIPT_SANDBOXING = YES;
				GCC_C_LANGUAGE_STANDARD = gnu17;
				GCC_NO_COMMON_BLOCKS = YES;
				GCC_WARN_64_TO_32_BIT_CONVERSION = YES;
				GCC_WARN_ABOUT_RETURN_TYPE = YES_ERROR;
				GCC_WARN_UNDECLARED_SELECTOR = YES;
				GCC_WARN_UNINITIALIZED_AUTOS = YES_AGGRESSIVE;
				GCC_WARN_UNUSED_FUNCTION = YES;
				GCC_WARN_UNUSED_VARIABLE = YES;
				IPHONEOS_DEPLOYMENT_TARGET = 17.0;
				LOCALIZATION_PREFERS_STRING_CATALOGS = YES;
				MTL_ENABLE_DEBUG_INFO = NO;
				MTL_FAST_MATH = YES;
				SDKROOT = iphoneos;
				SWIFT_COMPILATION_MODE = wholemodule;
				VALIDATE_PRODUCT = YES;
			};
			name = Release;
		};
		4907261E2A69042D0009817F /* Debug */ = {
			isa = XCBuildConfiguration;
			buildSettings = {
				ASSETCATALOG_COMPILER_APPICON_NAME = AppIcon;
				ASSETCATALOG_COMPILER_GLOBAL_ACCENT_COLOR_NAME = AccentColor;
				CODE_SIGN_ENTITLEMENTS = RideTrackr/RideTrackr.entitlements;
				CODE_SIGN_STYLE = Automatic;
				CURRENT_PROJECT_VERSION = 1;
				DEVELOPMENT_ASSET_PATHS = "\"RideTrackr/Preview Content\"";
				DEVELOPMENT_TEAM = 7PY92KZXV9;
				ENABLE_PREVIEWS = YES;
				GENERATE_INFOPLIST_FILE = YES;
				INFOPLIST_FILE = RideTrackr/Info.plist;
				INFOPLIST_KEY_CFBundleDisplayName = RideTrackr;
				INFOPLIST_KEY_LSApplicationCategoryType = "public.app-category.healthcare-fitness";
				INFOPLIST_KEY_NSHealthShareUsageDescription = "Please allow access to enjoy all the features of the applicatiion";
				INFOPLIST_KEY_NSHealthUpdateUsageDescription = "This is necessary to display your ride statistics";
				INFOPLIST_KEY_UIApplicationSceneManifest_Generation = YES;
				INFOPLIST_KEY_UIApplicationSupportsIndirectInputEvents = YES;
				INFOPLIST_KEY_UILaunchStoryboardName = LaunchScreen.storyboard;
				INFOPLIST_KEY_UISupportedInterfaceOrientations = UIInterfaceOrientationPortrait;
				INFOPLIST_KEY_UISupportedInterfaceOrientations_iPad = "UIInterfaceOrientationLandscapeLeft UIInterfaceOrientationLandscapeRight UIInterfaceOrientationPortrait UIInterfaceOrientationPortraitUpsideDown";
				IPHONEOS_DEPLOYMENT_TARGET = 18.0;
				LD_RUNPATH_SEARCH_PATHS = (
					"$(inherited)",
					"@executable_path/Frameworks",
				);
				MARKETING_VERSION = 1.0;
				PRODUCT_BUNDLE_IDENTIFIER = "Andrew-Huggins.RideTrackr";
				PRODUCT_NAME = "$(TARGET_NAME)";
				SWIFT_EMIT_LOC_STRINGS = YES;
				SWIFT_STRICT_CONCURRENCY = minimal;
				SWIFT_VERSION = 5.0;
				TARGETED_DEVICE_FAMILY = "1,2";
			};
			name = Debug;
		};
		4907261F2A69042D0009817F /* Release */ = {
			isa = XCBuildConfiguration;
			buildSettings = {
				ASSETCATALOG_COMPILER_APPICON_NAME = AppIcon;
				ASSETCATALOG_COMPILER_GLOBAL_ACCENT_COLOR_NAME = AccentColor;
				CODE_SIGN_ENTITLEMENTS = RideTrackr/RideTrackr.entitlements;
				CODE_SIGN_STYLE = Automatic;
				CURRENT_PROJECT_VERSION = 1;
				DEVELOPMENT_ASSET_PATHS = "\"RideTrackr/Preview Content\"";
				DEVELOPMENT_TEAM = 7PY92KZXV9;
				ENABLE_PREVIEWS = YES;
				GENERATE_INFOPLIST_FILE = YES;
				INFOPLIST_FILE = RideTrackr/Info.plist;
				INFOPLIST_KEY_CFBundleDisplayName = RideTrackr;
				INFOPLIST_KEY_LSApplicationCategoryType = "public.app-category.healthcare-fitness";
				INFOPLIST_KEY_NSHealthShareUsageDescription = "Please allow access to enjoy all the features of the applicatiion";
				INFOPLIST_KEY_NSHealthUpdateUsageDescription = "This is necessary to display your ride statistics";
				INFOPLIST_KEY_UIApplicationSceneManifest_Generation = YES;
				INFOPLIST_KEY_UIApplicationSupportsIndirectInputEvents = YES;
				INFOPLIST_KEY_UILaunchStoryboardName = LaunchScreen.storyboard;
				INFOPLIST_KEY_UISupportedInterfaceOrientations = UIInterfaceOrientationPortrait;
				INFOPLIST_KEY_UISupportedInterfaceOrientations_iPad = "UIInterfaceOrientationLandscapeLeft UIInterfaceOrientationLandscapeRight UIInterfaceOrientationPortrait UIInterfaceOrientationPortraitUpsideDown";
				IPHONEOS_DEPLOYMENT_TARGET = 18.0;
				LD_RUNPATH_SEARCH_PATHS = (
					"$(inherited)",
					"@executable_path/Frameworks",
				);
				MARKETING_VERSION = 1.0;
				PRODUCT_BUNDLE_IDENTIFIER = "Andrew-Huggins.RideTrackr";
				PRODUCT_NAME = "$(TARGET_NAME)";
				SWIFT_EMIT_LOC_STRINGS = YES;
				SWIFT_STRICT_CONCURRENCY = minimal;
				SWIFT_VERSION = 5.0;
				TARGETED_DEVICE_FAMILY = "1,2";
			};
			name = Release;
		};
		490726212A69042D0009817F /* Debug */ = {
			isa = XCBuildConfiguration;
			buildSettings = {
				BUNDLE_LOADER = "$(TEST_HOST)";
				CODE_SIGN_STYLE = Automatic;
				CURRENT_PROJECT_VERSION = 1;
				DEVELOPMENT_TEAM = 7PY92KZXV9;
				GENERATE_INFOPLIST_FILE = YES;
				IPHONEOS_DEPLOYMENT_TARGET = 17.0;
				MARKETING_VERSION = 1.0;
				PRODUCT_BUNDLE_IDENTIFIER = "Andrew-Huggins.RideTrackrTests";
				PRODUCT_NAME = "$(TARGET_NAME)";
				SWIFT_EMIT_LOC_STRINGS = NO;
				SWIFT_VERSION = 5.0;
				TARGETED_DEVICE_FAMILY = "1,2";
				TEST_HOST = "$(BUILT_PRODUCTS_DIR)/RideTrackr.app/$(BUNDLE_EXECUTABLE_FOLDER_PATH)/RideTrackr";
			};
			name = Debug;
		};
		490726222A69042D0009817F /* Release */ = {
			isa = XCBuildConfiguration;
			buildSettings = {
				BUNDLE_LOADER = "$(TEST_HOST)";
				CODE_SIGN_STYLE = Automatic;
				CURRENT_PROJECT_VERSION = 1;
				DEVELOPMENT_TEAM = 7PY92KZXV9;
				GENERATE_INFOPLIST_FILE = YES;
				IPHONEOS_DEPLOYMENT_TARGET = 17.0;
				MARKETING_VERSION = 1.0;
				PRODUCT_BUNDLE_IDENTIFIER = "Andrew-Huggins.RideTrackrTests";
				PRODUCT_NAME = "$(TARGET_NAME)";
				SWIFT_EMIT_LOC_STRINGS = NO;
				SWIFT_VERSION = 5.0;
				TARGETED_DEVICE_FAMILY = "1,2";
				TEST_HOST = "$(BUILT_PRODUCTS_DIR)/RideTrackr.app/$(BUNDLE_EXECUTABLE_FOLDER_PATH)/RideTrackr";
			};
			name = Release;
		};
		490726242A69042D0009817F /* Debug */ = {
			isa = XCBuildConfiguration;
			buildSettings = {
				CODE_SIGN_STYLE = Automatic;
				CURRENT_PROJECT_VERSION = 1;
				DEVELOPMENT_TEAM = 7PY92KZXV9;
				GENERATE_INFOPLIST_FILE = YES;
				MARKETING_VERSION = 1.0;
				PRODUCT_BUNDLE_IDENTIFIER = "Andrew-Huggins.RideTrackrUITests";
				PRODUCT_NAME = "$(TARGET_NAME)";
				SWIFT_EMIT_LOC_STRINGS = NO;
				SWIFT_VERSION = 5.0;
				TARGETED_DEVICE_FAMILY = "1,2";
				TEST_TARGET_NAME = RideTrackr;
			};
			name = Debug;
		};
		490726252A69042D0009817F /* Release */ = {
			isa = XCBuildConfiguration;
			buildSettings = {
				CODE_SIGN_STYLE = Automatic;
				CURRENT_PROJECT_VERSION = 1;
				DEVELOPMENT_TEAM = 7PY92KZXV9;
				GENERATE_INFOPLIST_FILE = YES;
				MARKETING_VERSION = 1.0;
				PRODUCT_BUNDLE_IDENTIFIER = "Andrew-Huggins.RideTrackrUITests";
				PRODUCT_NAME = "$(TARGET_NAME)";
				SWIFT_EMIT_LOC_STRINGS = NO;
				SWIFT_VERSION = 5.0;
				TARGETED_DEVICE_FAMILY = "1,2";
				TEST_TARGET_NAME = RideTrackr;
			};
			name = Release;
		};
		49A1D4FD2CBA4689007D37BA /* Debug */ = {
			isa = XCBuildConfiguration;
			buildSettings = {
				ASSETCATALOG_COMPILER_GLOBAL_ACCENT_COLOR_NAME = AccentColor;
				ASSETCATALOG_COMPILER_WIDGET_BACKGROUND_COLOR_NAME = WidgetBackground;
				CODE_SIGN_STYLE = Automatic;
				CURRENT_PROJECT_VERSION = 1;
				DEVELOPMENT_TEAM = 7PY92KZXV9;
				GENERATE_INFOPLIST_FILE = YES;
				INFOPLIST_FILE = RideTrackrWidget/Info.plist;
				INFOPLIST_KEY_CFBundleDisplayName = RideTrackrWidget;
				INFOPLIST_KEY_NSHealthShareUsageDescription = "Please allow access to allow use of widgets";
				INFOPLIST_KEY_NSHumanReadableCopyright = "";
				IPHONEOS_DEPLOYMENT_TARGET = 18.0;
				LD_RUNPATH_SEARCH_PATHS = (
					"$(inherited)",
					"@executable_path/Frameworks",
					"@executable_path/../../Frameworks",
				);
				MARKETING_VERSION = 1.0;
				PRODUCT_BUNDLE_IDENTIFIER = "Andrew-Huggins.RideTrackr.RideTrackrWidget";
				PRODUCT_NAME = "$(TARGET_NAME)";
				SKIP_INSTALL = YES;
				SWIFT_EMIT_LOC_STRINGS = YES;
				SWIFT_VERSION = 5.0;
				TARGETED_DEVICE_FAMILY = "1,2";
			};
			name = Debug;
		};
		49A1D4FE2CBA4689007D37BA /* Release */ = {
			isa = XCBuildConfiguration;
			buildSettings = {
				ASSETCATALOG_COMPILER_GLOBAL_ACCENT_COLOR_NAME = AccentColor;
				ASSETCATALOG_COMPILER_WIDGET_BACKGROUND_COLOR_NAME = WidgetBackground;
				CODE_SIGN_STYLE = Automatic;
				CURRENT_PROJECT_VERSION = 1;
				DEVELOPMENT_TEAM = 7PY92KZXV9;
				GENERATE_INFOPLIST_FILE = YES;
				INFOPLIST_FILE = RideTrackrWidget/Info.plist;
				INFOPLIST_KEY_CFBundleDisplayName = RideTrackrWidget;
				INFOPLIST_KEY_NSHealthShareUsageDescription = "Please allow access to allow use of widgets";
				INFOPLIST_KEY_NSHumanReadableCopyright = "";
				IPHONEOS_DEPLOYMENT_TARGET = 18.0;
				LD_RUNPATH_SEARCH_PATHS = (
					"$(inherited)",
					"@executable_path/Frameworks",
					"@executable_path/../../Frameworks",
				);
				MARKETING_VERSION = 1.0;
				PRODUCT_BUNDLE_IDENTIFIER = "Andrew-Huggins.RideTrackr.RideTrackrWidget";
				PRODUCT_NAME = "$(TARGET_NAME)";
				SKIP_INSTALL = YES;
				SWIFT_EMIT_LOC_STRINGS = YES;
				SWIFT_VERSION = 5.0;
				TARGETED_DEVICE_FAMILY = "1,2";
			};
			name = Release;
		};
/* End XCBuildConfiguration section */

/* Begin XCConfigurationList section */
		490725F42A69042A0009817F /* Build configuration list for PBXProject "RideTrackr" */ = {
			isa = XCConfigurationList;
			buildConfigurations = (
				4907261B2A69042D0009817F /* Debug */,
				4907261C2A69042D0009817F /* Release */,
			);
			defaultConfigurationIsVisible = 0;
			defaultConfigurationName = Release;
		};
		4907261D2A69042D0009817F /* Build configuration list for PBXNativeTarget "RideTrackr" */ = {
			isa = XCConfigurationList;
			buildConfigurations = (
				4907261E2A69042D0009817F /* Debug */,
				4907261F2A69042D0009817F /* Release */,
			);
			defaultConfigurationIsVisible = 0;
			defaultConfigurationName = Release;
		};
		490726202A69042D0009817F /* Build configuration list for PBXNativeTarget "RideTrackrTests" */ = {
			isa = XCConfigurationList;
			buildConfigurations = (
				490726212A69042D0009817F /* Debug */,
				490726222A69042D0009817F /* Release */,
			);
			defaultConfigurationIsVisible = 0;
			defaultConfigurationName = Release;
		};
		490726232A69042D0009817F /* Build configuration list for PBXNativeTarget "RideTrackrUITests" */ = {
			isa = XCConfigurationList;
			buildConfigurations = (
				490726242A69042D0009817F /* Debug */,
				490726252A69042D0009817F /* Release */,
			);
			defaultConfigurationIsVisible = 0;
			defaultConfigurationName = Release;
		};
		49A1D5002CBA4689007D37BA /* Build configuration list for PBXNativeTarget "RideTrackrWidgetExtension" */ = {
			isa = XCConfigurationList;
			buildConfigurations = (
				49A1D4FD2CBA4689007D37BA /* Debug */,
				49A1D4FE2CBA4689007D37BA /* Release */,
			);
			defaultConfigurationIsVisible = 0;
			defaultConfigurationName = Release;
		};
/* End XCConfigurationList section */

/* Begin XCRemoteSwiftPackageReference section */
		490741E12C3822D600C07C24 /* XCRemoteSwiftPackageReference "PolyKit" */ = {
			isa = XCRemoteSwiftPackageReference;
			repositoryURL = "https://github.com/heestand-xyz/PolyKit.git";
			requirement = {
				kind = upToNextMajorVersion;
				minimumVersion = 2.2.0;
			};
		};
		494DAA842C255D11001E0D4B /* XCRemoteSwiftPackageReference "fmdb" */ = {
			isa = XCRemoteSwiftPackageReference;
			repositoryURL = "https://github.com/ccgus/fmdb.git";
			requirement = {
				kind = upToNextMajorVersion;
				minimumVersion = 2.7.11;
			};
		};
/* End XCRemoteSwiftPackageReference section */

/* Begin XCSwiftPackageProductDependency section */
		490741E32C38239A00C07C24 /* PolyKit */ = {
			isa = XCSwiftPackageProductDependency;
			package = 490741E12C3822D600C07C24 /* XCRemoteSwiftPackageReference "PolyKit" */;
			productName = PolyKit;
		};
		494DAA852C255D78001E0D4B /* FMDB */ = {
			isa = XCSwiftPackageProductDependency;
			package = 494DAA842C255D11001E0D4B /* XCRemoteSwiftPackageReference "fmdb" */;
			productName = FMDB;
		};
		49A1D5052CBA4B20007D37BA /* PolyKit */ = {
			isa = XCSwiftPackageProductDependency;
			package = 490741E12C3822D600C07C24 /* XCRemoteSwiftPackageReference "PolyKit" */;
			productName = PolyKit;
		};
		49A1D5072CBA4B36007D37BA /* FMDB */ = {
			isa = XCSwiftPackageProductDependency;
			package = 494DAA842C255D11001E0D4B /* XCRemoteSwiftPackageReference "fmdb" */;
			productName = FMDB;
		};
/* End XCSwiftPackageProductDependency section */
	};
	rootObject = 490725F12A69042A0009817F /* Project object */;
}
